name: Generate package-lock.json

on:
  workflow_dispatch:

jobs:
  generate-package-lock:
    runs-on: ubuntu-latest
    steps:
    - name: Checkout
      uses: actions/checkout@v4
      with:
        submodules: recursive
    - name: Install Node.js
      uses: actions/setup-node@v4
      with:
        node-version: 24
    - name: Generate package-lock.json
      run: npm install
    - name: Upload package-lock.json to artifacts
      uses: actions/upload-artifact@v4
      with:
        name: package-lock
        path: package-lock.json
